
Microsoft Visual Studio Solution File, Format Version 12.00
# Visual Studio 2013
VisualStudioVersion = 12.0.30501.0
MinimumVisualStudioVersion = 10.0.40219.1
Project("{2150E333-8FDC-42A3-9474-1A3956D46DE8}") = "RBAC", "RBAC", "{0F835187-03E3-4E56-9902-C4910E22366E}"
EndProject
Project("{FAE04EC0-301F-11D3-BF4B-00C04F79EFBC}") = "Grit.RBAC", "Grit.RBAC\Grit.RBAC.csproj", "{2E073815-FAFF-4EC8-8817-1DCAB66FD38B}"
EndProject
Project("{FAE04EC0-301F-11D3-BF4B-00C04F79EFBC}") = "Grit.RBAC.Repository.MySql", "Grit.RBAC.Repository.Mysql\Grit.RBAC.Repository.MySql.csproj", "{7EB0BDD0-6388-4ECC-8C21-38D44BC4D695}"
EndProject
Project("{2150E333-8FDC-42A3-9474-1A3956D46DE8}") = "Utility", "Utility", "{9EA42C80-014F-4D5C-99C5-03D923A7BEF8}"
EndProject
Project("{2150E333-8FDC-42A3-9474-1A3956D46DE8}") = "Sequence", "Sequence", "{42091564-022C-45DB-B815-4CEF428692B0}"
EndProject
Project("{FAE04EC0-301F-11D3-BF4B-00C04F79EFBC}") = "Grit.Sequence", "Grit.Sequence\Grit.Sequence.csproj", "{0161CD61-4221-47C3-9567-1695C06DE101}"
EndProject
Project("{FAE04EC0-301F-11D3-BF4B-00C04F79EFBC}") = "Grit.Utility", "Grit.Utility\Grit.Utility.csproj", "{BD3AD860-D5A7-4FBD-91A0-BDF20236E5A8}"
EndProject
Project("{FAE04EC0-301F-11D3-BF4B-00C04F79EFBC}") = "Grit.Sequence.Repository.MySql", "Grit.Sequence.Repository.Mysql\Grit.Sequence.Repository.MySql.csproj", "{C8223CCD-75F4-4B9E-813B-B8A5A83FF758}"
EndProject
Project("{FAE04EC0-301F-11D3-BF4B-00C04F79EFBC}") = "Grit.Configuration", "Grit.Configuration\Grit.Configuration.csproj", "{38BFF300-BE60-4A8B-886E-0C3DF4362657}"
EndProject
Project("{FAE04EC0-301F-11D3-BF4B-00C04F79EFBC}") = "Grit.Sequence.Demo", "Grit.Sequence.Demo\Grit.Sequence.Demo.csproj", "{1856B8C2-C299-4931-8884-182E540BAE77}"
EndProject
Project("{FAE04EC0-301F-11D3-BF4B-00C04F79EFBC}") = "Grit.RBAC.Configuration", "Grit.RBAC.Configuration\Grit.RBAC.Configuration.csproj", "{60936D49-AB59-4D11-AAE5-73C8E71B481A}"
EndProject
Project("{FAE04EC0-301F-11D3-BF4B-00C04F79EFBC}") = "Grit.RBAC.Demo", "Grit.RBAC.Demo\Grit.RBAC.Demo.csproj", "{741594B1-9A95-443B-8979-4624289D652F}"
EndProject
Project("{2150E333-8FDC-42A3-9474-1A3956D46DE8}") = "ServiceBus", "ServiceBus", "{343FB9B5-4D5B-442C-9E26-25673F9D551A}"
EndProject
Project("{FAE04EC0-301F-11D3-BF4B-00C04F79EFBC}") = "Grit.ServiceBus", "Grit.ServiceBus\Grit.ServiceBus.csproj", "{761D2F52-3FC9-4669-91ED-3A11822BD801}"
EndProject
Project("{FAE04EC0-301F-11D3-BF4B-00C04F79EFBC}") = "Grit.ServiceBus.Demo", "Grit.ServiceBus.Demo\Grit.ServiceBus.Demo.csproj", "{7762A031-A27F-49FD-B0F2-4442B4EE7555}"
EndProject
Project("{2150E333-8FDC-42A3-9474-1A3956D46DE8}") = "CQRS", "CQRS", "{9C7D4CD4-9C10-48E0-AAEE-83419CD8B19B}"
EndProject
Project("{FAE04EC0-301F-11D3-BF4B-00C04F79EFBC}") = "Grit.CQRS", "Grit.CQRS\Grit.CQRS.csproj", "{81569F0A-133A-4E07-A66B-9EFC8B5F7411}"
EndProject
Project("{FAE04EC0-301F-11D3-BF4B-00C04F79EFBC}") = "CQRS.Demo.Repositories", "CQRS.Demo.Repositories\CQRS.Demo.Repositories.csproj", "{FE904A73-61F7-4E93-8BD0-6AA4FD879BAF}"
EndProject
Project("{FAE04EC0-301F-11D3-BF4B-00C04F79EFBC}") = "CQRS.Demo.Contracts", "CQRS.Demo.Contracts\CQRS.Demo.Contracts.csproj", "{B9FCAD5A-3E1D-4D44-9C70-A1B0759DD9A4}"
EndProject
Project("{FAE04EC0-301F-11D3-BF4B-00C04F79EFBC}") = "CQRS.Demo.Model", "CQRS.Demo.Model\CQRS.Demo.Model.csproj", "{B2959BF3-9BAF-4452-A94F-CEE2886DAE07}"
EndProject
Project("{FAE04EC0-301F-11D3-BF4B-00C04F79EFBC}") = "CQRS.Demo", "CQRS.Demo\CQRS.Demo.csproj", "{72C967F4-8877-4E58-80CF-9DE8C98DFDE5}"
EndProject
Project("{FAE04EC0-301F-11D3-BF4B-00C04F79EFBC}") = "CQRS.Demo.Repositories.Write", "CQRS.Demo.Repositories.Write\CQRS.Demo.Repositories.Write.csproj", "{FCEADCAA-D1DC-478C-A032-F43064EA43C2}"
EndProject
Project("{FAE04EC0-301F-11D3-BF4B-00C04F79EFBC}") = "CQRS.Demo.Model.Write", "CQRS.Demo.Model.Write\CQRS.Demo.Model.Write.csproj", "{5CE82ECE-3D69-46C7-9F10-7F28CFA52271}"
EndProject
Project("{2150E333-8FDC-42A3-9474-1A3956D46DE8}") = "Demo", "Demo", "{BAF43B16-9BAD-4569-9E4D-CD7202BAB7C7}"
EndProject
Project("{2150E333-8FDC-42A3-9474-1A3956D46DE8}") = "CQRS", "CQRS", "{82C2D6D9-5AD5-4FF7-A580-2F8E286BB913}"
EndProject
Project("{2150E333-8FDC-42A3-9474-1A3956D46DE8}") = "RBAC", "RBAC", "{1E1C6C46-62F8-4269-BB4F-AD2C6B4A61F1}"
EndProject
Project("{2150E333-8FDC-42A3-9474-1A3956D46DE8}") = "Sequence", "Sequence", "{0E416235-FFE9-4C48-9B41-8DC784B09362}"
EndProject
Project("{2150E333-8FDC-42A3-9474-1A3956D46DE8}") = "ServiceBus", "ServiceBus", "{9A1A28EC-420A-4587-8D47-B13F846CF13D}"
EndProject
Project("{FAE04EC0-301F-11D3-BF4B-00C04F79EFBC}") = "CQRS.Demo.Applications", "CQRS.Demo.Applications\CQRS.Demo.Applications.csproj", "{44F55475-7AB3-41F4-801E-E185294AB1F3}"
EndProject
Project("{FAE04EC0-301F-11D3-BF4B-00C04F79EFBC}") = "CQRS.Demo.Web", "CQRS.Demo.Web\CQRS.Demo.Web.csproj", "{7C729CE2-20EE-4BA9-8C12-C5070CD040A6}"
EndProject
Global
	GlobalSection(SolutionConfigurationPlatforms) = preSolution
		Debug|Any CPU = Debug|Any CPU
		Release|Any CPU = Release|Any CPU
	EndGlobalSection
	GlobalSection(ProjectConfigurationPlatforms) = postSolution
		{2E073815-FAFF-4EC8-8817-1DCAB66FD38B}.Debug|Any CPU.ActiveCfg = Debug|Any CPU
		{2E073815-FAFF-4EC8-8817-1DCAB66FD38B}.Debug|Any CPU.Build.0 = Debug|Any CPU
		{2E073815-FAFF-4EC8-8817-1DCAB66FD38B}.Release|Any CPU.ActiveCfg = Release|Any CPU
		{2E073815-FAFF-4EC8-8817-1DCAB66FD38B}.Release|Any CPU.Build.0 = Release|Any CPU
		{7EB0BDD0-6388-4ECC-8C21-38D44BC4D695}.Debug|Any CPU.ActiveCfg = Debug|Any CPU
		{7EB0BDD0-6388-4ECC-8C21-38D44BC4D695}.Debug|Any CPU.Build.0 = Debug|Any CPU
		{7EB0BDD0-6388-4ECC-8C21-38D44BC4D695}.Release|Any CPU.ActiveCfg = Release|Any CPU
		{7EB0BDD0-6388-4ECC-8C21-38D44BC4D695}.Release|Any CPU.Build.0 = Release|Any CPU
		{0161CD61-4221-47C3-9567-1695C06DE101}.Debug|Any CPU.ActiveCfg = Debug|Any CPU
		{0161CD61-4221-47C3-9567-1695C06DE101}.Debug|Any CPU.Build.0 = Debug|Any CPU
		{0161CD61-4221-47C3-9567-1695C06DE101}.Release|Any CPU.ActiveCfg = Release|Any CPU
		{0161CD61-4221-47C3-9567-1695C06DE101}.Release|Any CPU.Build.0 = Release|Any CPU
		{BD3AD860-D5A7-4FBD-91A0-BDF20236E5A8}.Debug|Any CPU.ActiveCfg = Debug|Any CPU
		{BD3AD860-D5A7-4FBD-91A0-BDF20236E5A8}.Debug|Any CPU.Build.0 = Debug|Any CPU
		{BD3AD860-D5A7-4FBD-91A0-BDF20236E5A8}.Release|Any CPU.ActiveCfg = Release|Any CPU
		{BD3AD860-D5A7-4FBD-91A0-BDF20236E5A8}.Release|Any CPU.Build.0 = Release|Any CPU
		{C8223CCD-75F4-4B9E-813B-B8A5A83FF758}.Debug|Any CPU.ActiveCfg = Debug|Any CPU
		{C8223CCD-75F4-4B9E-813B-B8A5A83FF758}.Debug|Any CPU.Build.0 = Debug|Any CPU
		{C8223CCD-75F4-4B9E-813B-B8A5A83FF758}.Release|Any CPU.ActiveCfg = Release|Any CPU
		{C8223CCD-75F4-4B9E-813B-B8A5A83FF758}.Release|Any CPU.Build.0 = Release|Any CPU
		{38BFF300-BE60-4A8B-886E-0C3DF4362657}.Debug|Any CPU.ActiveCfg = Debug|Any CPU
		{38BFF300-BE60-4A8B-886E-0C3DF4362657}.Debug|Any CPU.Build.0 = Debug|Any CPU
		{38BFF300-BE60-4A8B-886E-0C3DF4362657}.Release|Any CPU.ActiveCfg = Release|Any CPU
		{38BFF300-BE60-4A8B-886E-0C3DF4362657}.Release|Any CPU.Build.0 = Release|Any CPU
		{1856B8C2-C299-4931-8884-182E540BAE77}.Debug|Any CPU.ActiveCfg = Debug|Any CPU
		{1856B8C2-C299-4931-8884-182E540BAE77}.Debug|Any CPU.Build.0 = Debug|Any CPU
		{1856B8C2-C299-4931-8884-182E540BAE77}.Release|Any CPU.ActiveCfg = Release|Any CPU
		{1856B8C2-C299-4931-8884-182E540BAE77}.Release|Any CPU.Build.0 = Release|Any CPU
		{60936D49-AB59-4D11-AAE5-73C8E71B481A}.Debug|Any CPU.ActiveCfg = Debug|Any CPU
		{60936D49-AB59-4D11-AAE5-73C8E71B481A}.Debug|Any CPU.Build.0 = Debug|Any CPU
		{60936D49-AB59-4D11-AAE5-73C8E71B481A}.Release|Any CPU.ActiveCfg = Release|Any CPU
		{60936D49-AB59-4D11-AAE5-73C8E71B481A}.Release|Any CPU.Build.0 = Release|Any CPU
		{741594B1-9A95-443B-8979-4624289D652F}.Debug|Any CPU.ActiveCfg = Debug|Any CPU
		{741594B1-9A95-443B-8979-4624289D652F}.Debug|Any CPU.Build.0 = Debug|Any CPU
		{741594B1-9A95-443B-8979-4624289D652F}.Release|Any CPU.ActiveCfg = Release|Any CPU
		{741594B1-9A95-443B-8979-4624289D652F}.Release|Any CPU.Build.0 = Release|Any CPU
		{761D2F52-3FC9-4669-91ED-3A11822BD801}.Debug|Any CPU.ActiveCfg = Debug|Any CPU
		{761D2F52-3FC9-4669-91ED-3A11822BD801}.Debug|Any CPU.Build.0 = Debug|Any CPU
		{761D2F52-3FC9-4669-91ED-3A11822BD801}.Release|Any CPU.ActiveCfg = Release|Any CPU
		{761D2F52-3FC9-4669-91ED-3A11822BD801}.Release|Any CPU.Build.0 = Release|Any CPU
		{7762A031-A27F-49FD-B0F2-4442B4EE7555}.Debug|Any CPU.ActiveCfg = Debug|Any CPU
		{7762A031-A27F-49FD-B0F2-4442B4EE7555}.Debug|Any CPU.Build.0 = Debug|Any CPU
		{7762A031-A27F-49FD-B0F2-4442B4EE7555}.Release|Any CPU.ActiveCfg = Release|Any CPU
		{7762A031-A27F-49FD-B0F2-4442B4EE7555}.Release|Any CPU.Build.0 = Release|Any CPU
		{81569F0A-133A-4E07-A66B-9EFC8B5F7411}.Debug|Any CPU.ActiveCfg = Debug|Any CPU
		{81569F0A-133A-4E07-A66B-9EFC8B5F7411}.Debug|Any CPU.Build.0 = Debug|Any CPU
		{81569F0A-133A-4E07-A66B-9EFC8B5F7411}.Release|Any CPU.ActiveCfg = Release|Any CPU
		{81569F0A-133A-4E07-A66B-9EFC8B5F7411}.Release|Any CPU.Build.0 = Release|Any CPU
		{FE904A73-61F7-4E93-8BD0-6AA4FD879BAF}.Debug|Any CPU.ActiveCfg = Debug|Any CPU
		{FE904A73-61F7-4E93-8BD0-6AA4FD879BAF}.Debug|Any CPU.Build.0 = Debug|Any CPU
		{FE904A73-61F7-4E93-8BD0-6AA4FD879BAF}.Release|Any CPU.ActiveCfg = Release|Any CPU
		{FE904A73-61F7-4E93-8BD0-6AA4FD879BAF}.Release|Any CPU.Build.0 = Release|Any CPU
		{B9FCAD5A-3E1D-4D44-9C70-A1B0759DD9A4}.Debug|Any CPU.ActiveCfg = Debug|Any CPU
		{B9FCAD5A-3E1D-4D44-9C70-A1B0759DD9A4}.Debug|Any CPU.Build.0 = Debug|Any CPU
		{B9FCAD5A-3E1D-4D44-9C70-A1B0759DD9A4}.Release|Any CPU.ActiveCfg = Release|Any CPU
		{B9FCAD5A-3E1D-4D44-9C70-A1B0759DD9A4}.Release|Any CPU.Build.0 = Release|Any CPU
		{B2959BF3-9BAF-4452-A94F-CEE2886DAE07}.Debug|Any CPU.ActiveCfg = Debug|Any CPU
		{B2959BF3-9BAF-4452-A94F-CEE2886DAE07}.Debug|Any CPU.Build.0 = Debug|Any CPU
		{B2959BF3-9BAF-4452-A94F-CEE2886DAE07}.Release|Any CPU.ActiveCfg = Release|Any CPU
		{B2959BF3-9BAF-4452-A94F-CEE2886DAE07}.Release|Any CPU.Build.0 = Release|Any CPU
		{72C967F4-8877-4E58-80CF-9DE8C98DFDE5}.Debug|Any CPU.ActiveCfg = Debug|Any CPU
		{72C967F4-8877-4E58-80CF-9DE8C98DFDE5}.Debug|Any CPU.Build.0 = Debug|Any CPU
		{72C967F4-8877-4E58-80CF-9DE8C98DFDE5}.Release|Any CPU.ActiveCfg = Release|Any CPU
		{72C967F4-8877-4E58-80CF-9DE8C98DFDE5}.Release|Any CPU.Build.0 = Release|Any CPU
		{FCEADCAA-D1DC-478C-A032-F43064EA43C2}.Debug|Any CPU.ActiveCfg = Debug|Any CPU
		{FCEADCAA-D1DC-478C-A032-F43064EA43C2}.Debug|Any CPU.Build.0 = Debug|Any CPU
		{FCEADCAA-D1DC-478C-A032-F43064EA43C2}.Release|Any CPU.ActiveCfg = Release|Any CPU
		{FCEADCAA-D1DC-478C-A032-F43064EA43C2}.Release|Any CPU.Build.0 = Release|Any CPU
		{5CE82ECE-3D69-46C7-9F10-7F28CFA52271}.Debug|Any CPU.ActiveCfg = Debug|Any CPU
		{5CE82ECE-3D69-46C7-9F10-7F28CFA52271}.Debug|Any CPU.Build.0 = Debug|Any CPU
		{5CE82ECE-3D69-46C7-9F10-7F28CFA52271}.Release|Any CPU.ActiveCfg = Release|Any CPU
		{5CE82ECE-3D69-46C7-9F10-7F28CFA52271}.Release|Any CPU.Build.0 = Release|Any CPU
		{44F55475-7AB3-41F4-801E-E185294AB1F3}.Debug|Any CPU.ActiveCfg = Debug|Any CPU
		{44F55475-7AB3-41F4-801E-E185294AB1F3}.Debug|Any CPU.Build.0 = Debug|Any CPU
		{44F55475-7AB3-41F4-801E-E185294AB1F3}.Release|Any CPU.ActiveCfg = Release|Any CPU
		{44F55475-7AB3-41F4-801E-E185294AB1F3}.Release|Any CPU.Build.0 = Release|Any CPU
		{7C729CE2-20EE-4BA9-8C12-C5070CD040A6}.Debug|Any CPU.ActiveCfg = Debug|Any CPU
		{7C729CE2-20EE-4BA9-8C12-C5070CD040A6}.Debug|Any CPU.Build.0 = Debug|Any CPU
		{7C729CE2-20EE-4BA9-8C12-C5070CD040A6}.Release|Any CPU.ActiveCfg = Release|Any CPU
		{7C729CE2-20EE-4BA9-8C12-C5070CD040A6}.Release|Any CPU.Build.0 = Release|Any CPU
	EndGlobalSection
	GlobalSection(SolutionProperties) = preSolution
		HideSolutionNode = FALSE
	EndGlobalSection
	GlobalSection(NestedProjects) = preSolution
		{2E073815-FAFF-4EC8-8817-1DCAB66FD38B} = {0F835187-03E3-4E56-9902-C4910E22366E}
		{7EB0BDD0-6388-4ECC-8C21-38D44BC4D695} = {0F835187-03E3-4E56-9902-C4910E22366E}
		{0161CD61-4221-47C3-9567-1695C06DE101} = {42091564-022C-45DB-B815-4CEF428692B0}
		{BD3AD860-D5A7-4FBD-91A0-BDF20236E5A8} = {9EA42C80-014F-4D5C-99C5-03D923A7BEF8}
		{C8223CCD-75F4-4B9E-813B-B8A5A83FF758} = {42091564-022C-45DB-B815-4CEF428692B0}
		{1856B8C2-C299-4931-8884-182E540BAE77} = {0E416235-FFE9-4C48-9B41-8DC784B09362}
		{60936D49-AB59-4D11-AAE5-73C8E71B481A} = {0F835187-03E3-4E56-9902-C4910E22366E}
		{741594B1-9A95-443B-8979-4624289D652F} = {1E1C6C46-62F8-4269-BB4F-AD2C6B4A61F1}
		{761D2F52-3FC9-4669-91ED-3A11822BD801} = {343FB9B5-4D5B-442C-9E26-25673F9D551A}
		{7762A031-A27F-49FD-B0F2-4442B4EE7555} = {9A1A28EC-420A-4587-8D47-B13F846CF13D}
		{81569F0A-133A-4E07-A66B-9EFC8B5F7411} = {9C7D4CD4-9C10-48E0-AAEE-83419CD8B19B}
		{FE904A73-61F7-4E93-8BD0-6AA4FD879BAF} = {82C2D6D9-5AD5-4FF7-A580-2F8E286BB913}
		{B9FCAD5A-3E1D-4D44-9C70-A1B0759DD9A4} = {82C2D6D9-5AD5-4FF7-A580-2F8E286BB913}
		{B2959BF3-9BAF-4452-A94F-CEE2886DAE07} = {82C2D6D9-5AD5-4FF7-A580-2F8E286BB913}
		{72C967F4-8877-4E58-80CF-9DE8C98DFDE5} = {82C2D6D9-5AD5-4FF7-A580-2F8E286BB913}
		{FCEADCAA-D1DC-478C-A032-F43064EA43C2} = {82C2D6D9-5AD5-4FF7-A580-2F8E286BB913}
		{5CE82ECE-3D69-46C7-9F10-7F28CFA52271} = {82C2D6D9-5AD5-4FF7-A580-2F8E286BB913}
		{82C2D6D9-5AD5-4FF7-A580-2F8E286BB913} = {BAF43B16-9BAD-4569-9E4D-CD7202BAB7C7}
		{1E1C6C46-62F8-4269-BB4F-AD2C6B4A61F1} = {BAF43B16-9BAD-4569-9E4D-CD7202BAB7C7}
		{0E416235-FFE9-4C48-9B41-8DC784B09362} = {BAF43B16-9BAD-4569-9E4D-CD7202BAB7C7}
		{9A1A28EC-420A-4587-8D47-B13F846CF13D} = {BAF43B16-9BAD-4569-9E4D-CD7202BAB7C7}
		{44F55475-7AB3-41F4-801E-E185294AB1F3} = {82C2D6D9-5AD5-4FF7-A580-2F8E286BB913}
		{7C729CE2-20EE-4BA9-8C12-C5070CD040A6} = {82C2D6D9-5AD5-4FF7-A580-2F8E286BB913}
	EndGlobalSection
EndGlobal
