
Microsoft Visual Studio Solution File, Format Version 12.00
# Visual Studio 2013
VisualStudioVersion = 12.0.30501.0
MinimumVisualStudioVersion = 10.0.40219.1
Project("{2150E333-8FDC-42A3-9474-1A3956D46DE8}") = "RBAC", "RBAC", "{0F835187-03E3-4E56-9902-C4910E22366E}"
EndProject
Project("{FAE04EC0-301F-11D3-BF4B-00C04F79EFBC}") = "Grit.RBAC", "Grit.RBAC\Grit.RBAC.csproj", "{2E073815-FAFF-4EC8-8817-1DCAB66FD38B}"
EndProject
Project("{FAE04EC0-301F-11D3-BF4B-00C04F79EFBC}") = "Grit.RBAC.Repository.MySql", "Grit.RBAC.Repository.Mysql\Grit.RBAC.Repository.MySql.csproj", "{7EB0BDD0-6388-4ECC-8C21-38D44BC4D695}"
EndProject
Project("{2150E333-8FDC-42A3-9474-1A3956D46DE8}") = "Utility", "Utility", "{9EA42C80-014F-4D5C-99C5-03D923A7BEF8}"
EndProject
Project("{2150E333-8FDC-42A3-9474-1A3956D46DE8}") = "Sequence", "Sequence", "{42091564-022C-45DB-B815-4CEF428692B0}"
EndProject
Project("{FAE04EC0-301F-11D3-BF4B-00C04F79EFBC}") = "Grit.Sequence", "Grit.Sequence\Grit.Sequence.csproj", "{0161CD61-4221-47C3-9567-1695C06DE101}"
EndProject
Project("{FAE04EC0-301F-11D3-BF4B-00C04F79EFBC}") = "Grit.Utility", "Grit.Utility\Grit.Utility.csproj", "{BD3AD860-D5A7-4FBD-91A0-BDF20236E5A8}"
EndProject
Project("{FAE04EC0-301F-11D3-BF4B-00C04F79EFBC}") = "Grit.Sequence.Repository.MySql", "Grit.Sequence.Repository.Mysql\Grit.Sequence.Repository.MySql.csproj", "{C8223CCD-75F4-4B9E-813B-B8A5A83FF758}"
EndProject
Project("{FAE04EC0-301F-11D3-BF4B-00C04F79EFBC}") = "Grit.Configuration", "Grit.Configuration\Grit.Configuration.csproj", "{38BFF300-BE60-4A8B-886E-0C3DF4362657}"
EndProject
Project("{FAE04EC0-301F-11D3-BF4B-00C04F79EFBC}") = "Grit.Sequence.Demo", "Grit.Sequence.Demo\Grit.Sequence.Demo.csproj", "{1856B8C2-C299-4931-8884-182E540BAE77}"
EndProject
Project("{FAE04EC0-301F-11D3-BF4B-00C04F79EFBC}") = "Grit.RBAC.Configuration", "Grit.RBAC.Configuration\Grit.RBAC.Configuration.csproj", "{60936D49-AB59-4D11-AAE5-73C8E71B481A}"
EndProject
Project("{FAE04EC0-301F-11D3-BF4B-00C04F79EFBC}") = "Grit.RBAC.Demo", "Grit.RBAC.Demo\Grit.RBAC.Demo.csproj", "{741594B1-9A95-443B-8979-4624289D652F}"
EndProject
Project("{2150E333-8FDC-42A3-9474-1A3956D46DE8}") = "ServiceBus", "ServiceBus", "{343FB9B5-4D5B-442C-9E26-25673F9D551A}"
EndProject
Project("{FAE04EC0-301F-11D3-BF4B-00C04F79EFBC}") = "Grit.ServiceBus", "Grit.ServiceBus\Grit.ServiceBus.csproj", "{761D2F52-3FC9-4669-91ED-3A11822BD801}"
EndProject
Project("{FAE04EC0-301F-11D3-BF4B-00C04F79EFBC}") = "Grit.ServiceBus.Demo", "Grit.ServiceBus.Demo\Grit.ServiceBus.Demo.csproj", "{7762A031-A27F-49FD-B0F2-4442B4EE7555}"
EndProject
Project("{2150E333-8FDC-42A3-9474-1A3956D46DE8}") = "CQRS", "CQRS", "{9C7D4CD4-9C10-48E0-AAEE-83419CD8B19B}"
EndProject
Project("{FAE04EC0-301F-11D3-BF4B-00C04F79EFBC}") = "Grit.CQRS", "Grit.CQRS\Grit.CQRS.csproj", "{81569F0A-133A-4E07-A66B-9EFC8B5F7411}"
EndProject
Project("{FAE04EC0-301F-11D3-BF4B-00C04F79EFBC}") = "Grit.CQRS.Demo.Model", "Grit.CQRS.Demo.Model\Grit.CQRS.Demo.Model.csproj", "{42FEE80F-C97B-4B64-B7DF-4835DD113CA2}"
EndProject
Project("{FAE04EC0-301F-11D3-BF4B-00C04F79EFBC}") = "Grit.CQRS.Demo", "Grit.CQRS.Demo\Grit.CQRS.Demo.csproj", "{67C3B55D-A3AE-4419-BC53-CAB716006CC4}"
EndProject
Project("{FAE04EC0-301F-11D3-BF4B-00C04F79EFBC}") = "Grit.CQRS.Demo.Repository.Read", "Grit.CQRS.Demo.Repository.Read\Grit.CQRS.Demo.Repository.Read.csproj", "{DD090637-C0AD-44D8-86B4-BF7B37241DC1}"
EndProject
Project("{FAE04EC0-301F-11D3-BF4B-00C04F79EFBC}") = "Grit.CQRS.Demo.Repository.Write", "Grit.CQRS.Demo.Repository.Write\Grit.CQRS.Demo.Repository.Write.csproj", "{AA0A37F7-7B9C-4DA6-8838-181F999B8229}"
EndProject
Project("{2150E333-8FDC-42A3-9474-1A3956D46DE8}") = "Solution Items", "Solution Items", "{71256B03-CCFE-45D8-B9DC-4B48EF41B2FE}"
	ProjectSection(SolutionItems) = preProject
		..\..\..\Desktop\Dump20140626.sql = ..\..\..\Desktop\Dump20140626.sql
	EndProjectSection
EndProject
Global
	GlobalSection(SolutionConfigurationPlatforms) = preSolution
		Debug|Any CPU = Debug|Any CPU
		Release|Any CPU = Release|Any CPU
	EndGlobalSection
	GlobalSection(ProjectConfigurationPlatforms) = postSolution
		{2E073815-FAFF-4EC8-8817-1DCAB66FD38B}.Debug|Any CPU.ActiveCfg = Debug|Any CPU
		{2E073815-FAFF-4EC8-8817-1DCAB66FD38B}.Debug|Any CPU.Build.0 = Debug|Any CPU
		{2E073815-FAFF-4EC8-8817-1DCAB66FD38B}.Release|Any CPU.ActiveCfg = Release|Any CPU
		{2E073815-FAFF-4EC8-8817-1DCAB66FD38B}.Release|Any CPU.Build.0 = Release|Any CPU
		{7EB0BDD0-6388-4ECC-8C21-38D44BC4D695}.Debug|Any CPU.ActiveCfg = Debug|Any CPU
		{7EB0BDD0-6388-4ECC-8C21-38D44BC4D695}.Debug|Any CPU.Build.0 = Debug|Any CPU
		{7EB0BDD0-6388-4ECC-8C21-38D44BC4D695}.Release|Any CPU.ActiveCfg = Release|Any CPU
		{7EB0BDD0-6388-4ECC-8C21-38D44BC4D695}.Release|Any CPU.Build.0 = Release|Any CPU
		{0161CD61-4221-47C3-9567-1695C06DE101}.Debug|Any CPU.ActiveCfg = Debug|Any CPU
		{0161CD61-4221-47C3-9567-1695C06DE101}.Debug|Any CPU.Build.0 = Debug|Any CPU
		{0161CD61-4221-47C3-9567-1695C06DE101}.Release|Any CPU.ActiveCfg = Release|Any CPU
		{0161CD61-4221-47C3-9567-1695C06DE101}.Release|Any CPU.Build.0 = Release|Any CPU
		{BD3AD860-D5A7-4FBD-91A0-BDF20236E5A8}.Debug|Any CPU.ActiveCfg = Debug|Any CPU
		{BD3AD860-D5A7-4FBD-91A0-BDF20236E5A8}.Debug|Any CPU.Build.0 = Debug|Any CPU
		{BD3AD860-D5A7-4FBD-91A0-BDF20236E5A8}.Release|Any CPU.ActiveCfg = Release|Any CPU
		{BD3AD860-D5A7-4FBD-91A0-BDF20236E5A8}.Release|Any CPU.Build.0 = Release|Any CPU
		{C8223CCD-75F4-4B9E-813B-B8A5A83FF758}.Debug|Any CPU.ActiveCfg = Debug|Any CPU
		{C8223CCD-75F4-4B9E-813B-B8A5A83FF758}.Debug|Any CPU.Build.0 = Debug|Any CPU
		{C8223CCD-75F4-4B9E-813B-B8A5A83FF758}.Release|Any CPU.ActiveCfg = Release|Any CPU
		{C8223CCD-75F4-4B9E-813B-B8A5A83FF758}.Release|Any CPU.Build.0 = Release|Any CPU
		{38BFF300-BE60-4A8B-886E-0C3DF4362657}.Debug|Any CPU.ActiveCfg = Debug|Any CPU
		{38BFF300-BE60-4A8B-886E-0C3DF4362657}.Debug|Any CPU.Build.0 = Debug|Any CPU
		{38BFF300-BE60-4A8B-886E-0C3DF4362657}.Release|Any CPU.ActiveCfg = Release|Any CPU
		{38BFF300-BE60-4A8B-886E-0C3DF4362657}.Release|Any CPU.Build.0 = Release|Any CPU
		{1856B8C2-C299-4931-8884-182E540BAE77}.Debug|Any CPU.ActiveCfg = Debug|Any CPU
		{1856B8C2-C299-4931-8884-182E540BAE77}.Debug|Any CPU.Build.0 = Debug|Any CPU
		{1856B8C2-C299-4931-8884-182E540BAE77}.Release|Any CPU.ActiveCfg = Release|Any CPU
		{1856B8C2-C299-4931-8884-182E540BAE77}.Release|Any CPU.Build.0 = Release|Any CPU
		{60936D49-AB59-4D11-AAE5-73C8E71B481A}.Debug|Any CPU.ActiveCfg = Debug|Any CPU
		{60936D49-AB59-4D11-AAE5-73C8E71B481A}.Debug|Any CPU.Build.0 = Debug|Any CPU
		{60936D49-AB59-4D11-AAE5-73C8E71B481A}.Release|Any CPU.ActiveCfg = Release|Any CPU
		{60936D49-AB59-4D11-AAE5-73C8E71B481A}.Release|Any CPU.Build.0 = Release|Any CPU
		{741594B1-9A95-443B-8979-4624289D652F}.Debug|Any CPU.ActiveCfg = Debug|Any CPU
		{741594B1-9A95-443B-8979-4624289D652F}.Debug|Any CPU.Build.0 = Debug|Any CPU
		{741594B1-9A95-443B-8979-4624289D652F}.Release|Any CPU.ActiveCfg = Release|Any CPU
		{741594B1-9A95-443B-8979-4624289D652F}.Release|Any CPU.Build.0 = Release|Any CPU
		{761D2F52-3FC9-4669-91ED-3A11822BD801}.Debug|Any CPU.ActiveCfg = Debug|Any CPU
		{761D2F52-3FC9-4669-91ED-3A11822BD801}.Debug|Any CPU.Build.0 = Debug|Any CPU
		{761D2F52-3FC9-4669-91ED-3A11822BD801}.Release|Any CPU.ActiveCfg = Release|Any CPU
		{761D2F52-3FC9-4669-91ED-3A11822BD801}.Release|Any CPU.Build.0 = Release|Any CPU
		{7762A031-A27F-49FD-B0F2-4442B4EE7555}.Debug|Any CPU.ActiveCfg = Debug|Any CPU
		{7762A031-A27F-49FD-B0F2-4442B4EE7555}.Debug|Any CPU.Build.0 = Debug|Any CPU
		{7762A031-A27F-49FD-B0F2-4442B4EE7555}.Release|Any CPU.ActiveCfg = Release|Any CPU
		{7762A031-A27F-49FD-B0F2-4442B4EE7555}.Release|Any CPU.Build.0 = Release|Any CPU
		{81569F0A-133A-4E07-A66B-9EFC8B5F7411}.Debug|Any CPU.ActiveCfg = Debug|Any CPU
		{81569F0A-133A-4E07-A66B-9EFC8B5F7411}.Debug|Any CPU.Build.0 = Debug|Any CPU
		{81569F0A-133A-4E07-A66B-9EFC8B5F7411}.Release|Any CPU.ActiveCfg = Release|Any CPU
		{81569F0A-133A-4E07-A66B-9EFC8B5F7411}.Release|Any CPU.Build.0 = Release|Any CPU
		{42FEE80F-C97B-4B64-B7DF-4835DD113CA2}.Debug|Any CPU.ActiveCfg = Debug|Any CPU
		{42FEE80F-C97B-4B64-B7DF-4835DD113CA2}.Debug|Any CPU.Build.0 = Debug|Any CPU
		{42FEE80F-C97B-4B64-B7DF-4835DD113CA2}.Release|Any CPU.ActiveCfg = Release|Any CPU
		{42FEE80F-C97B-4B64-B7DF-4835DD113CA2}.Release|Any CPU.Build.0 = Release|Any CPU
		{67C3B55D-A3AE-4419-BC53-CAB716006CC4}.Debug|Any CPU.ActiveCfg = Debug|Any CPU
		{67C3B55D-A3AE-4419-BC53-CAB716006CC4}.Debug|Any CPU.Build.0 = Debug|Any CPU
		{67C3B55D-A3AE-4419-BC53-CAB716006CC4}.Release|Any CPU.ActiveCfg = Release|Any CPU
		{67C3B55D-A3AE-4419-BC53-CAB716006CC4}.Release|Any CPU.Build.0 = Release|Any CPU
		{DD090637-C0AD-44D8-86B4-BF7B37241DC1}.Debug|Any CPU.ActiveCfg = Debug|Any CPU
		{DD090637-C0AD-44D8-86B4-BF7B37241DC1}.Debug|Any CPU.Build.0 = Debug|Any CPU
		{DD090637-C0AD-44D8-86B4-BF7B37241DC1}.Release|Any CPU.ActiveCfg = Release|Any CPU
		{DD090637-C0AD-44D8-86B4-BF7B37241DC1}.Release|Any CPU.Build.0 = Release|Any CPU
		{AA0A37F7-7B9C-4DA6-8838-181F999B8229}.Debug|Any CPU.ActiveCfg = Debug|Any CPU
		{AA0A37F7-7B9C-4DA6-8838-181F999B8229}.Debug|Any CPU.Build.0 = Debug|Any CPU
		{AA0A37F7-7B9C-4DA6-8838-181F999B8229}.Release|Any CPU.ActiveCfg = Release|Any CPU
		{AA0A37F7-7B9C-4DA6-8838-181F999B8229}.Release|Any CPU.Build.0 = Release|Any CPU
	EndGlobalSection
	GlobalSection(SolutionProperties) = preSolution
		HideSolutionNode = FALSE
	EndGlobalSection
	GlobalSection(NestedProjects) = preSolution
		{2E073815-FAFF-4EC8-8817-1DCAB66FD38B} = {0F835187-03E3-4E56-9902-C4910E22366E}
		{7EB0BDD0-6388-4ECC-8C21-38D44BC4D695} = {0F835187-03E3-4E56-9902-C4910E22366E}
		{0161CD61-4221-47C3-9567-1695C06DE101} = {42091564-022C-45DB-B815-4CEF428692B0}
		{BD3AD860-D5A7-4FBD-91A0-BDF20236E5A8} = {9EA42C80-014F-4D5C-99C5-03D923A7BEF8}
		{C8223CCD-75F4-4B9E-813B-B8A5A83FF758} = {42091564-022C-45DB-B815-4CEF428692B0}
		{1856B8C2-C299-4931-8884-182E540BAE77} = {42091564-022C-45DB-B815-4CEF428692B0}
		{60936D49-AB59-4D11-AAE5-73C8E71B481A} = {0F835187-03E3-4E56-9902-C4910E22366E}
		{741594B1-9A95-443B-8979-4624289D652F} = {0F835187-03E3-4E56-9902-C4910E22366E}
		{761D2F52-3FC9-4669-91ED-3A11822BD801} = {343FB9B5-4D5B-442C-9E26-25673F9D551A}
		{7762A031-A27F-49FD-B0F2-4442B4EE7555} = {343FB9B5-4D5B-442C-9E26-25673F9D551A}
		{81569F0A-133A-4E07-A66B-9EFC8B5F7411} = {9C7D4CD4-9C10-48E0-AAEE-83419CD8B19B}
		{42FEE80F-C97B-4B64-B7DF-4835DD113CA2} = {9C7D4CD4-9C10-48E0-AAEE-83419CD8B19B}
		{67C3B55D-A3AE-4419-BC53-CAB716006CC4} = {9C7D4CD4-9C10-48E0-AAEE-83419CD8B19B}
		{DD090637-C0AD-44D8-86B4-BF7B37241DC1} = {9C7D4CD4-9C10-48E0-AAEE-83419CD8B19B}
		{AA0A37F7-7B9C-4DA6-8838-181F999B8229} = {9C7D4CD4-9C10-48E0-AAEE-83419CD8B19B}
	EndGlobalSection
EndGlobal
